
Microsoft Visual Studio Solution File, Format Version 12.00
# Visual Studio Version 17
VisualStudioVersion = 17.0.31919.166
MinimumVisualStudioVersion = 10.0.40219.1
Project("{FAE04EC0-301F-11D3-BF4B-00C04F79EFBC}") = "Portal", "Portal\Portal.csproj", "{05BE3F74-5C03-4D3C-B500-B719958853A9}"
EndProject
Project("{FAE04EC0-301F-11D3-BF4B-00C04F79EFBC}") = "Data", "Data\Data.csproj", "{23B6CA46-5679-4EB1-9CD1-23FFC6A95EB8}"
EndProject
Project("{2150E333-8FDC-42A3-9474-1A3956D46DE8}") = "Solution Items", "Solution Items", "{85AAA264-A868-4583-8F59-752F39770789}"
	ProjectSection(SolutionItems) = preProject
		.editorconfig = .editorconfig
	EndProjectSection
EndProject
Global
	GlobalSection(SolutionConfigurationPlatforms) = preSolution
		Debug|Any CPU = Debug|Any CPU
		Release|Any CPU = Release|Any CPU
	EndGlobalSection
	GlobalSection(ProjectConfigurationPlatforms) = postSolution
		{05BE3F74-5C03-4D3C-B500-B719958853A9}.Debug|Any CPU.ActiveCfg = Debug|Any CPU
		{05BE3F74-5C03-4D3C-B500-B719958853A9}.Debug|Any CPU.Build.0 = Debug|Any CPU
		{05BE3F74-5C03-4D3C-B500-B719958853A9}.Release|Any CPU.ActiveCfg = Release|Any CPU
		{05BE3F74-5C03-4D3C-B500-B719958853A9}.Release|Any CPU.Build.0 = Release|Any CPU
		{23B6CA46-5679-4EB1-9CD1-23FFC6A95EB8}.Debug|Any CPU.ActiveCfg = Debug|Any CPU
		{23B6CA46-5679-4EB1-9CD1-23FFC6A95EB8}.Debug|Any CPU.Build.0 = Debug|Any CPU
		{23B6CA46-5679-4EB1-9CD1-23FFC6A95EB8}.Release|Any CPU.ActiveCfg = Release|Any CPU
		{23B6CA46-5679-4EB1-9CD1-23FFC6A95EB8}.Release|Any CPU.Build.0 = Release|Any CPU
	EndGlobalSection
	GlobalSection(SolutionProperties) = preSolution
		HideSolutionNode = FALSE
	EndGlobalSection
	GlobalSection(ExtensibilityGlobals) = postSolution
		SolutionGuid = {FCB62E59-C673-4A7C-87B8-6D0A96D21311}
	EndGlobalSection
EndGlobal
